
Microsoft Visual Studio Solution File, Format Version 12.00
# Visual Studio 15
VisualStudioVersion = 15.0.28307.421
MinimumVisualStudioVersion = 10.0.40219.1
Project("{FAE04EC0-301F-11D3-BF4B-00C04F79EFBC}") = "OdeToFood.Api", "OdeToFood_Exam_EmptyStart\OdeToFood.Api.csproj", "{91543EA1-06E1-4AA2-B71B-C0A23FE9EED6}"
EndProject
Project("{FAE04EC0-301F-11D3-BF4B-00C04F79EFBC}") = "OdeToFood.Data", "OdeToFood.Data\OdeToFood.Data.csproj", "{7A4EA39A-4BB5-423F-AA00-078FC8DF4234}"
EndProject
Project("{FAE04EC0-301F-11D3-BF4B-00C04F79EFBC}") = "OdeToFood.Tests", "OdeToFood.Tests\OdeToFood.Tests.csproj", "{9F3FB074-0F8C-4AC1-A75C-D8A43AE8DEF1}"
EndProject
Global
	GlobalSection(SolutionConfigurationPlatforms) = preSolution
		Debug|Any CPU = Debug|Any CPU
		Release|Any CPU = Release|Any CPU
	EndGlobalSection
	GlobalSection(ProjectConfigurationPlatforms) = postSolution
		{91543EA1-06E1-4AA2-B71B-C0A23FE9EED6}.Debug|Any CPU.ActiveCfg = Debug|Any CPU
		{91543EA1-06E1-4AA2-B71B-C0A23FE9EED6}.Debug|Any CPU.Build.0 = Debug|Any CPU
		{91543EA1-06E1-4AA2-B71B-C0A23FE9EED6}.Release|Any CPU.ActiveCfg = Release|Any CPU
		{91543EA1-06E1-4AA2-B71B-C0A23FE9EED6}.Release|Any CPU.Build.0 = Release|Any CPU
		{7A4EA39A-4BB5-423F-AA00-078FC8DF4234}.Debug|Any CPU.ActiveCfg = Debug|Any CPU
		{7A4EA39A-4BB5-423F-AA00-078FC8DF4234}.Debug|Any CPU.Build.0 = Debug|Any CPU
		{7A4EA39A-4BB5-423F-AA00-078FC8DF4234}.Release|Any CPU.ActiveCfg = Release|Any CPU
		{7A4EA39A-4BB5-423F-AA00-078FC8DF4234}.Release|Any CPU.Build.0 = Release|Any CPU
		{9F3FB074-0F8C-4AC1-A75C-D8A43AE8DEF1}.Debug|Any CPU.ActiveCfg = Debug|Any CPU
		{9F3FB074-0F8C-4AC1-A75C-D8A43AE8DEF1}.Debug|Any CPU.Build.0 = Debug|Any CPU
		{9F3FB074-0F8C-4AC1-A75C-D8A43AE8DEF1}.Release|Any CPU.ActiveCfg = Release|Any CPU
		{9F3FB074-0F8C-4AC1-A75C-D8A43AE8DEF1}.Release|Any CPU.Build.0 = Release|Any CPU
	EndGlobalSection
	GlobalSection(SolutionProperties) = preSolution
		HideSolutionNode = FALSE
	EndGlobalSection
	GlobalSection(ExtensibilityGlobals) = postSolution
		SolutionGuid = {33A26458-C520-41EE-8866-992E1FAE9303}
	EndGlobalSection
EndGlobal
